{
  "version": 4,
  "terraform_version": "1.4.6",
  "serial": 8,
  "lineage": "14e82829-be49-a24a-11d5-f688236e8175",
  "outputs": {},
  "resources": [
    {
      "mode": "managed",
      "type": "local_file",
      "name": "Testfile",
      "provider": "provider[\"registry.terraform.io/hashicorp/local\"]",
      "instances": [
        {
          "schema_version": 0,
          "attributes": {
            "content": "Terraform content",
            "content_base64": null,
            "content_base64sha256": "hUbJkJd3ymMqcE+Y3Czf/BYd7Fr+LxEVIvlgb5bdejs=",
            "content_base64sha512": "7q0hSNReagW/PdFBMi02IAc7zKOC+rtdNPkqbYmYC1f8lN175WScxdE4lIainLyZXnPX8bG1+0nlDUkCShRYjQ==",
            "content_md5": "0c1bd6be76cc79c3ac1c8282e4c4f00f",
            "content_sha1": "da5003cf01bc3fb9d4b47cb147d3b76f2d1eeb49",
            "content_sha256": "8546c9909777ca632a704f98dc2cdffc161dec5afe2f111522f9606f96dd7a3b",
            "content_sha512": "eead2148d45e6a05bf3dd141322d3620073bcca382fabb5d34f92a6d89980b57fc94dd7be5649cc5d1389486a29cbc995e73d7f1b1b5fb49e50d49024a14588d",
            "directory_permission": "0777",
            "file_permission": "0777",
            "filename": "/workspaces/Linux-Administration/Terraform/Terraform-Test/myfile.txt",
            "id": "da5003cf01bc3fb9d4b47cb147d3b76f2d1eeb49",
            "sensitive_content": null,
            "source": null
          },
          "sensitive_attributes": []
        }
      ]
    },
    {
      "mode": "managed",
      "type": "null_resource",
      "name": "System-info",
      "provider": "provider[\"registry.terraform.io/hashicorp/null\"]",
      "instances": [
        {
          "status": "tainted",
          "schema_version": 0,
          "attributes": {
            "id": "2637590416482006580",
            "triggers": null
          },
          "sensitive_attributes": []
        }
      ]
    },
    {
      "mode": "managed",
      "type": "null_resource",
      "name": "create_user",
      "provider": "provider[\"registry.terraform.io/hashicorp/null\"]",
      "instances": [
        {
          "schema_version": 0,
          "attributes": {
            "id": "3222321002791452722",
            "triggers": null
          },
          "sensitive_attributes": []
        }
      ]
    },
    {
      "mode": "managed",
      "type": "null_resource",
      "name": "update_packages",
      "provider": "provider[\"registry.terraform.io/hashicorp/null\"]",
      "instances": [
        {
          "status": "tainted",
          "schema_version": 0,
          "attributes": {
            "id": "3326144010283383236",
            "triggers": null
          },
          "sensitive_attributes": []
        }
      ]
    }
  ],
  "check_results": null
}
